{
  "nodes": {
    "bytefmt": {
      "inputs": {
        "flake-utils": "flake-utils",
        "nixpkgs": "nixpkgs"
      },
      "locked": {
        "lastModified": 1646067751,
        "narHash": "sha256-SRHPkKgLBCnnooF8EOhYjVdGFMVcUmLfd2iO9F9ulCU=",
        "owner": "Grumbel",
        "repo": "python-bytefmt",
        "rev": "c36d90c0d83d83b859ff0d1f1acf4a1bcec90719",
        "type": "github"
      },
      "original": {
        "owner": "Grumbel",
        "repo": "python-bytefmt",
        "type": "github"
      }
    },
    "flake-utils": {
      "locked": {
        "lastModified": 1634851050,
        "narHash": "sha256-N83GlSGPJJdcqhUxSCS/WwW5pksYf3VP1M13cDRTSVA=",
        "owner": "numtide",
        "repo": "flake-utils",
        "rev": "c91f3de5adaf1de973b797ef7485e441a65b8935",
        "type": "github"
      },
      "original": {
        "owner": "numtide",
        "repo": "flake-utils",
        "type": "github"
      }
    },
    "flake-utils_2": {
      "locked": {
        "lastModified": 1644229661,
        "narHash": "sha256-1YdnJAsNy69bpcjuoKdOYQX0YxZBiCYZo4Twxerqv7k=",
        "owner": "numtide",
        "repo": "flake-utils",
        "rev": "3cecb5b042f7f209c56ffd8371b2711a290ec797",
        "type": "github"
      },
      "original": {
        "owner": "numtide",
        "repo": "flake-utils",
        "type": "github"
      }
    },
    "nixpkgs": {
      "locked": {
        "lastModified": 1646011258,
        "narHash": "sha256-+aen4zu5uVp52arEcgL2maCS0zQDuG1t+Azwd/O1gN4=",
        "owner": "NixOS",
        "repo": "nixpkgs",
        "rev": "a25df4c2b79c4343bcc72ad671200e5a3e286c41",
        "type": "github"
      },
      "original": {
        "owner": "NixOS",
        "ref": "nixos-21.11",
        "repo": "nixpkgs",
        "type": "github"
      }
    },
    "nixpkgs_2": {
      "locked": {
        "lastModified": 1646011258,
        "narHash": "sha256-+aen4zu5uVp52arEcgL2maCS0zQDuG1t+Azwd/O1gN4=",
        "owner": "NixOS",
        "repo": "nixpkgs",
        "rev": "a25df4c2b79c4343bcc72ad671200e5a3e286c41",
        "type": "github"
      },
      "original": {
        "owner": "NixOS",
        "ref": "nixos-21.11",
        "repo": "nixpkgs",
        "type": "github"
      }
    },
    "root": {
      "inputs": {
        "bytefmt": "bytefmt",
        "flake-utils": "flake-utils_2",
        "nixpkgs": "nixpkgs_2"
      }
    }
  },
  "root": "root",
  "version": 7
}
